Microsoft Visual Studio Solution File, Format Version 12.00
# Visual Studio Version 17
VisualStudioVersion = 17.0.31903.59
MinimumVisualStudioVersion = 10.0.40219.1
Project("{FAE04EC0-301F-11D3-BF4B-00C04F79EFBC}") = "GodotAndroidSpike", "GodotAndroidSpike.csproj", "{B95AF5E5-0C0D-42DF-8F4E-83BC1BA1A5E3}"
EndProject
Global
	GlobalSection(SolutionConfigurationPlatforms) = preSolution
		Debug|Any CPU = Debug|Any CPU
		ExportDebug|Any CPU = ExportDebug|Any CPU
		ExportRelease|Any CPU = ExportRelease|Any CPU
	EndGlobalSection
	GlobalSection(ProjectConfigurationPlatforms) = postSolution
		{B95AF5E5-0C0D-42DF-8F4E-83BC1BA1A5E3}.Debug|Any CPU.ActiveCfg = Debug|Any CPU
		{B95AF5E5-0C0D-42DF-8F4E-83BC1BA1A5E3}.Debug|Any CPU.Build.0 = Debug|Any CPU
		{B95AF5E5-0C0D-42DF-8F4E-83BC1BA1A5E3}.ExportDebug|Any CPU.ActiveCfg = ExportDebug|Any CPU
		{B95AF5E5-0C0D-42DF-8F4E-83BC1BA1A5E3}.ExportDebug|Any CPU.Build.0 = ExportDebug|Any CPU
		{B95AF5E5-0C0D-42DF-8F4E-83BC1BA1A5E3}.ExportRelease|Any CPU.ActiveCfg = ExportRelease|Any CPU
		{B95AF5E5-0C0D-42DF-8F4E-83BC1BA1A5E3}.ExportRelease|Any CPU.Build.0 = ExportRelease|Any CPU
	EndGlobalSection
	GlobalSection(SolutionProperties) = preSolution
		HideSolutionNode = FALSE
	EndGlobalSection
EndGlobal
